
Microsoft Visual Studio Solution File, Format Version 12.00
# Visual Studio Version 17
VisualStudioVersion = 17.3.32929.385
MinimumVisualStudioVersion = 10.0.40219.1
Project("{9A19103F-16F7-4668-BE54-9A1E7A4F7556}") = "theaBot", "theaBot.csproj", "{D30351D0-802C-4DE5-A5F4-5F0A436276A1}"
EndProject
Project("{2150E333-8FDC-42A3-9474-1A3956D46DE8}") = "Solution Items", "Solution Items", "{FD2B6B1B-EA0F-4A0F-93CD-EA27D8A5B0D1}"
	ProjectSection(SolutionItems) = preProject
		.editorconfig = .editorconfig
	EndProjectSection
EndProject
Global
	GlobalSection(SolutionConfigurationPlatforms) = preSolution
		Debug|Any CPU = Debug|Any CPU
		Release|Any CPU = Release|Any CPU
	EndGlobalSection
	GlobalSection(ProjectConfigurationPlatforms) = postSolution
		{D30351D0-802C-4DE5-A5F4-5F0A436276A1}.Debug|Any CPU.ActiveCfg = Debug|Any CPU
		{D30351D0-802C-4DE5-A5F4-5F0A436276A1}.Debug|Any CPU.Build.0 = Debug|Any CPU
		{D30351D0-802C-4DE5-A5F4-5F0A436276A1}.Release|Any CPU.ActiveCfg = Release|Any CPU
		{D30351D0-802C-4DE5-A5F4-5F0A436276A1}.Release|Any CPU.Build.0 = Release|Any CPU
	EndGlobalSection
	GlobalSection(SolutionProperties) = preSolution
		HideSolutionNode = FALSE
	EndGlobalSection
	GlobalSection(ExtensibilityGlobals) = postSolution
		SolutionGuid = {A1725806-6676-4AAA-85D1-2E1A225D1750}
	EndGlobalSection
EndGlobal
